# this file was auto generated by https://github.com/likianta/likianta-domain : /src/dev_dist/poetry_export.py
# file was updated at 2026-04-17 11:20:06
# use `pip` command to install: 
#   pip install -U -r requirements.lock --no-deps

--index-url https://pypi.tuna.tsinghua.edu.cn/simple
--extra-index-url http://172.20.128.100:2191
--trusted-host 172.20.128.100

lk-utils @ http://172.20.128.100:2191/lk-utils/lk_utils-3.6.0a10-py3-none-any.whl

argsense==1.1.1
lk-logger==6.0.7
markdown-it-py==3.0.0
mdurl==0.1.2
psutil==6.1.1
pygments==2.19.1
pyyaml==6.0.2
rich==14.2.0
typing-extensions==4.12.2
